
Microsoft Visual Studio Solution File, Format Version 12.00
# Visual Studio Version 17
VisualStudioVersion = 17.1.32319.34
MinimumVisualStudioVersion = 10.0.40219.1
Project("{9A19103F-16F7-4668-BE54-9A1E7A4F7556}") = "PRN_SE1624_PRO", "PRN_SE1624_PRO\PRN_SE1624_PRO.csproj", "{8ED439F7-6A25-4150-8D91-8C4819688C9C}"
EndProject
Project("{9A19103F-16F7-4668-BE54-9A1E7A4F7556}") = "PRN_SE1624_OOP", "PRN_SE1624_OOP\PRN_SE1624_OOP.csproj", "{B96A964D-CF75-440E-8ABF-974EB9AB86EA}"
EndProject
Project("{FAE04EC0-301F-11D3-BF4B-00C04F79EFBC}") = "PRN_SE1624_PRODUCT_MANAGEMENT", "PRN_SE1624_PRODUCT_MANAGEMENT\PRN_SE1624_PRODUCT_MANAGEMENT.csproj", "{1DE2890F-FE9F-49EF-8E97-9C92DD618948}"
EndProject
Global
	GlobalSection(SolutionConfigurationPlatforms) = preSolution
		Debug|Any CPU = Debug|Any CPU
		Release|Any CPU = Release|Any CPU
	EndGlobalSection
	GlobalSection(ProjectConfigurationPlatforms) = postSolution
		{8ED439F7-6A25-4150-8D91-8C4819688C9C}.Debug|Any CPU.ActiveCfg = Debug|Any CPU
		{8ED439F7-6A25-4150-8D91-8C4819688C9C}.Debug|Any CPU.Build.0 = Debug|Any CPU
		{8ED439F7-6A25-4150-8D91-8C4819688C9C}.Release|Any CPU.ActiveCfg = Release|Any CPU
		{8ED439F7-6A25-4150-8D91-8C4819688C9C}.Release|Any CPU.Build.0 = Release|Any CPU
		{B96A964D-CF75-440E-8ABF-974EB9AB86EA}.Debug|Any CPU.ActiveCfg = Debug|Any CPU
		{B96A964D-CF75-440E-8ABF-974EB9AB86EA}.Debug|Any CPU.Build.0 = Debug|Any CPU
		{B96A964D-CF75-440E-8ABF-974EB9AB86EA}.Release|Any CPU.ActiveCfg = Release|Any CPU
		{B96A964D-CF75-440E-8ABF-974EB9AB86EA}.Release|Any CPU.Build.0 = Release|Any CPU
		{1DE2890F-FE9F-49EF-8E97-9C92DD618948}.Debug|Any CPU.ActiveCfg = Debug|Any CPU
		{1DE2890F-FE9F-49EF-8E97-9C92DD618948}.Debug|Any CPU.Build.0 = Debug|Any CPU
		{1DE2890F-FE9F-49EF-8E97-9C92DD618948}.Release|Any CPU.ActiveCfg = Release|Any CPU
		{1DE2890F-FE9F-49EF-8E97-9C92DD618948}.Release|Any CPU.Build.0 = Release|Any CPU
	EndGlobalSection
	GlobalSection(SolutionProperties) = preSolution
		HideSolutionNode = FALSE
	EndGlobalSection
	GlobalSection(ExtensibilityGlobals) = postSolution
		SolutionGuid = {C2F4E091-BA7F-40BA-BE77-109DC4F57147}
	EndGlobalSection
EndGlobal
